
Microsoft Visual Studio Solution File, Format Version 12.00
# Visual Studio Version 16
VisualStudioVersion = 16.0.32413.511
MinimumVisualStudioVersion = 10.0.40219.1
Project("{9A19103F-16F7-4668-BE54-9A1E7A4F7556}") = "WPFMVVM", "WPFMVVM\WPFMVVM.csproj", "{CE06E3E2-DF25-46B4-A337-8EC7F42B8679}"
EndProject
Project("{FAE04EC0-301F-11D3-BF4B-00C04F79EFBC}") = "IMTE_dotnetframework", "IMTE_dotnetframework\IMTE_dotnetframework.csproj", "{54430BFA-7D35-401C-8715-800A7426E13F}"
EndProject
Project("{FAE04EC0-301F-11D3-BF4B-00C04F79EFBC}") = "WPFNavigation", "WPFNavigation\WPFNavigation.csproj", "{614D1AD3-8C44-479C-AFC8-E28CEFD09EB6}"
EndProject
Project("{FAE04EC0-301F-11D3-BF4B-00C04F79EFBC}") = "WPFNavigationSS", "WPFNavigationSS\WPFNavigationSS.csproj", "{32F748B5-FC29-40A0-9AF5-782202C67F60}"
EndProject
Project("{FAE04EC0-301F-11D3-BF4B-00C04F79EFBC}") = "MVVMNavigation", "MVVMNavigation\MVVMNavigation.csproj", "{F6F73F26-7C83-412C-82A7-5970E59F7597}"
EndProject
Project("{FAE04EC0-301F-11D3-BF4B-00C04F79EFBC}") = "PrismWpf", "PrismWpf\PrismWpf.csproj", "{EB9FB908-807E-4534-ABBE-699742D638AB}"
EndProject
Project("{FAE04EC0-301F-11D3-BF4B-00C04F79EFBC}") = "WPFCoursePrism", "WPFCoursePrism\WPFCoursePrism.csproj", "{0140E8DA-9D77-4A06-A0B3-46678F348CD0}"
EndProject
Project("{FAE04EC0-301F-11D3-BF4B-00C04F79EFBC}") = "PRISM_Structured", "PRISM_Structured\PRISM_Structured.csproj", "{EBEB1346-00D1-49FA-88AB-C1EF9E80913C}"
EndProject
Project("{FAE04EC0-301F-11D3-BF4B-00C04F79EFBC}") = "IMTE", "IMTE\IMTE.csproj", "{2B073006-FF90-44F8-8B9E-95584D08C643}"
EndProject
Project("{2150E333-8FDC-42A3-9474-1A3956D46DE8}") = "Random Projects", "Random Projects", "{D990D39C-F265-4687-ADE6-6060D3FADC55}"
EndProject
Project("{2150E333-8FDC-42A3-9474-1A3956D46DE8}") = "IMTE.WPF", "IMTE.WPF", "{86C947DE-9B5B-488C-888F-EF4850D3058E}"
EndProject
Project("{FAE04EC0-301F-11D3-BF4B-00C04F79EFBC}") = "IMTETest", "IMTETest\IMTETest.csproj", "{056F8745-AD7C-49B2-8E7E-BA1BE609FD1A}"
EndProject
Project("{FAE04EC0-301F-11D3-BF4B-00C04F79EFBC}") = "TestComboBoxBinding", "TestComboBoxBinding\TestComboBoxBinding.csproj", "{6B71C99D-3925-4244-8B36-24BC94B2F395}"
EndProject
Project("{FAE04EC0-301F-11D3-BF4B-00C04F79EFBC}") = "MultiColumnDropdown", "MultiColumnDropdown\MultiColumnDropdown.csproj", "{B8A29C97-5F5D-473E-BC8D-D6214006A5FF}"
EndProject
Project("{FAE04EC0-301F-11D3-BF4B-00C04F79EFBC}") = "TestPrismUnity", "TestPrismUnity\TestPrismUnity.csproj", "{683DD19F-5961-4F1A-9516-D315ADAB617C}"
EndProject
Project("{FAE04EC0-301F-11D3-BF4B-00C04F79EFBC}") = "EventAggregatorPrism", "EventAggregatorPrism\EventAggregatorPrism.csproj", "{44186EA8-D784-489E-8EC9-393C0406BAA0}"
EndProject
Project("{9A19103F-16F7-4668-BE54-9A1E7A4F7556}") = "EventAggregator", "EventAggregator\EventAggregator.csproj", "{AD8B6349-0AA8-4895-841C-6C084F8EA40B}"
EndProject
Project("{9A19103F-16F7-4668-BE54-9A1E7A4F7556}") = "EventAggregator.Core", "EventAggregator.Core\EventAggregator.Core.csproj", "{E249B6AD-55EE-4CC7-A1B2-855B1E534F80}"
EndProject
Project("{FAE04EC0-301F-11D3-BF4B-00C04F79EFBC}") = "IMTE.EventAggregator.Core", "IMTE.EventAggregator.Core\IMTE.EventAggregator.Core.csproj", "{1D908551-E8D1-4D4D-AF9B-650B30C8321F}"
EndProject
Project("{FAE04EC0-301F-11D3-BF4B-00C04F79EFBC}") = "IMTE.Models", "IMTE.Models\IMTE.Models.csproj", "{4BF9DD0D-EE0B-4329-ADBE-FD00A9F9D26E}"
EndProject
Project("{2150E333-8FDC-42A3-9474-1A3956D46DE8}") = "DataValidation", "DataValidation", "{49341F14-1990-4A4A-AC53-31417E1964B7}"
EndProject
Global
	GlobalSection(SolutionConfigurationPlatforms) = preSolution
		Debug|Any CPU = Debug|Any CPU
		Release|Any CPU = Release|Any CPU
	EndGlobalSection
	GlobalSection(ProjectConfigurationPlatforms) = postSolution
		{CE06E3E2-DF25-46B4-A337-8EC7F42B8679}.Debug|Any CPU.ActiveCfg = Debug|Any CPU
		{CE06E3E2-DF25-46B4-A337-8EC7F42B8679}.Debug|Any CPU.Build.0 = Debug|Any CPU
		{CE06E3E2-DF25-46B4-A337-8EC7F42B8679}.Release|Any CPU.ActiveCfg = Release|Any CPU
		{CE06E3E2-DF25-46B4-A337-8EC7F42B8679}.Release|Any CPU.Build.0 = Release|Any CPU
		{54430BFA-7D35-401C-8715-800A7426E13F}.Debug|Any CPU.ActiveCfg = Debug|Any CPU
		{54430BFA-7D35-401C-8715-800A7426E13F}.Debug|Any CPU.Build.0 = Debug|Any CPU
		{54430BFA-7D35-401C-8715-800A7426E13F}.Release|Any CPU.ActiveCfg = Release|Any CPU
		{54430BFA-7D35-401C-8715-800A7426E13F}.Release|Any CPU.Build.0 = Release|Any CPU
		{614D1AD3-8C44-479C-AFC8-E28CEFD09EB6}.Debug|Any CPU.ActiveCfg = Debug|Any CPU
		{614D1AD3-8C44-479C-AFC8-E28CEFD09EB6}.Debug|Any CPU.Build.0 = Debug|Any CPU
		{614D1AD3-8C44-479C-AFC8-E28CEFD09EB6}.Release|Any CPU.ActiveCfg = Release|Any CPU
		{614D1AD3-8C44-479C-AFC8-E28CEFD09EB6}.Release|Any CPU.Build.0 = Release|Any CPU
		{32F748B5-FC29-40A0-9AF5-782202C67F60}.Debug|Any CPU.ActiveCfg = Debug|Any CPU
		{32F748B5-FC29-40A0-9AF5-782202C67F60}.Debug|Any CPU.Build.0 = Debug|Any CPU
		{32F748B5-FC29-40A0-9AF5-782202C67F60}.Release|Any CPU.ActiveCfg = Release|Any CPU
		{32F748B5-FC29-40A0-9AF5-782202C67F60}.Release|Any CPU.Build.0 = Release|Any CPU
		{F6F73F26-7C83-412C-82A7-5970E59F7597}.Debug|Any CPU.ActiveCfg = Debug|Any CPU
		{F6F73F26-7C83-412C-82A7-5970E59F7597}.Debug|Any CPU.Build.0 = Debug|Any CPU
		{F6F73F26-7C83-412C-82A7-5970E59F7597}.Release|Any CPU.ActiveCfg = Release|Any CPU
		{F6F73F26-7C83-412C-82A7-5970E59F7597}.Release|Any CPU.Build.0 = Release|Any CPU
		{EB9FB908-807E-4534-ABBE-699742D638AB}.Debug|Any CPU.ActiveCfg = Debug|Any CPU
		{EB9FB908-807E-4534-ABBE-699742D638AB}.Debug|Any CPU.Build.0 = Debug|Any CPU
		{EB9FB908-807E-4534-ABBE-699742D638AB}.Release|Any CPU.ActiveCfg = Release|Any CPU
		{EB9FB908-807E-4534-ABBE-699742D638AB}.Release|Any CPU.Build.0 = Release|Any CPU
		{0140E8DA-9D77-4A06-A0B3-46678F348CD0}.Debug|Any CPU.ActiveCfg = Debug|Any CPU
		{0140E8DA-9D77-4A06-A0B3-46678F348CD0}.Debug|Any CPU.Build.0 = Debug|Any CPU
		{0140E8DA-9D77-4A06-A0B3-46678F348CD0}.Release|Any CPU.ActiveCfg = Release|Any CPU
		{0140E8DA-9D77-4A06-A0B3-46678F348CD0}.Release|Any CPU.Build.0 = Release|Any CPU
		{EBEB1346-00D1-49FA-88AB-C1EF9E80913C}.Debug|Any CPU.ActiveCfg = Debug|Any CPU
		{EBEB1346-00D1-49FA-88AB-C1EF9E80913C}.Debug|Any CPU.Build.0 = Debug|Any CPU
		{EBEB1346-00D1-49FA-88AB-C1EF9E80913C}.Release|Any CPU.ActiveCfg = Release|Any CPU
		{EBEB1346-00D1-49FA-88AB-C1EF9E80913C}.Release|Any CPU.Build.0 = Release|Any CPU
		{2B073006-FF90-44F8-8B9E-95584D08C643}.Debug|Any CPU.ActiveCfg = Debug|Any CPU
		{2B073006-FF90-44F8-8B9E-95584D08C643}.Debug|Any CPU.Build.0 = Debug|Any CPU
		{2B073006-FF90-44F8-8B9E-95584D08C643}.Release|Any CPU.ActiveCfg = Release|Any CPU
		{2B073006-FF90-44F8-8B9E-95584D08C643}.Release|Any CPU.Build.0 = Release|Any CPU
		{056F8745-AD7C-49B2-8E7E-BA1BE609FD1A}.Debug|Any CPU.ActiveCfg = Debug|Any CPU
		{056F8745-AD7C-49B2-8E7E-BA1BE609FD1A}.Debug|Any CPU.Build.0 = Debug|Any CPU
		{056F8745-AD7C-49B2-8E7E-BA1BE609FD1A}.Release|Any CPU.ActiveCfg = Release|Any CPU
		{056F8745-AD7C-49B2-8E7E-BA1BE609FD1A}.Release|Any CPU.Build.0 = Release|Any CPU
		{6B71C99D-3925-4244-8B36-24BC94B2F395}.Debug|Any CPU.ActiveCfg = Debug|Any CPU
		{6B71C99D-3925-4244-8B36-24BC94B2F395}.Debug|Any CPU.Build.0 = Debug|Any CPU
		{6B71C99D-3925-4244-8B36-24BC94B2F395}.Release|Any CPU.ActiveCfg = Release|Any CPU
		{6B71C99D-3925-4244-8B36-24BC94B2F395}.Release|Any CPU.Build.0 = Release|Any CPU
		{B8A29C97-5F5D-473E-BC8D-D6214006A5FF}.Debug|Any CPU.ActiveCfg = Debug|Any CPU
		{B8A29C97-5F5D-473E-BC8D-D6214006A5FF}.Debug|Any CPU.Build.0 = Debug|Any CPU
		{B8A29C97-5F5D-473E-BC8D-D6214006A5FF}.Release|Any CPU.ActiveCfg = Release|Any CPU
		{B8A29C97-5F5D-473E-BC8D-D6214006A5FF}.Release|Any CPU.Build.0 = Release|Any CPU
		{683DD19F-5961-4F1A-9516-D315ADAB617C}.Debug|Any CPU.ActiveCfg = Debug|Any CPU
		{683DD19F-5961-4F1A-9516-D315ADAB617C}.Debug|Any CPU.Build.0 = Debug|Any CPU
		{683DD19F-5961-4F1A-9516-D315ADAB617C}.Release|Any CPU.ActiveCfg = Release|Any CPU
		{683DD19F-5961-4F1A-9516-D315ADAB617C}.Release|Any CPU.Build.0 = Release|Any CPU
		{44186EA8-D784-489E-8EC9-393C0406BAA0}.Debug|Any CPU.ActiveCfg = Debug|Any CPU
		{44186EA8-D784-489E-8EC9-393C0406BAA0}.Debug|Any CPU.Build.0 = Debug|Any CPU
		{44186EA8-D784-489E-8EC9-393C0406BAA0}.Release|Any CPU.ActiveCfg = Release|Any CPU
		{44186EA8-D784-489E-8EC9-393C0406BAA0}.Release|Any CPU.Build.0 = Release|Any CPU
		{AD8B6349-0AA8-4895-841C-6C084F8EA40B}.Debug|Any CPU.ActiveCfg = Debug|Any CPU
		{AD8B6349-0AA8-4895-841C-6C084F8EA40B}.Debug|Any CPU.Build.0 = Debug|Any CPU
		{AD8B6349-0AA8-4895-841C-6C084F8EA40B}.Release|Any CPU.ActiveCfg = Release|Any CPU
		{AD8B6349-0AA8-4895-841C-6C084F8EA40B}.Release|Any CPU.Build.0 = Release|Any CPU
		{E249B6AD-55EE-4CC7-A1B2-855B1E534F80}.Debug|Any CPU.ActiveCfg = Debug|Any CPU
		{E249B6AD-55EE-4CC7-A1B2-855B1E534F80}.Debug|Any CPU.Build.0 = Debug|Any CPU
		{E249B6AD-55EE-4CC7-A1B2-855B1E534F80}.Release|Any CPU.ActiveCfg = Release|Any CPU
		{E249B6AD-55EE-4CC7-A1B2-855B1E534F80}.Release|Any CPU.Build.0 = Release|Any CPU
		{1D908551-E8D1-4D4D-AF9B-650B30C8321F}.Debug|Any CPU.ActiveCfg = Debug|Any CPU
		{1D908551-E8D1-4D4D-AF9B-650B30C8321F}.Debug|Any CPU.Build.0 = Debug|Any CPU
		{1D908551-E8D1-4D4D-AF9B-650B30C8321F}.Release|Any CPU.ActiveCfg = Release|Any CPU
		{1D908551-E8D1-4D4D-AF9B-650B30C8321F}.Release|Any CPU.Build.0 = Release|Any CPU
		{4BF9DD0D-EE0B-4329-ADBE-FD00A9F9D26E}.Debug|Any CPU.ActiveCfg = Debug|Any CPU
		{4BF9DD0D-EE0B-4329-ADBE-FD00A9F9D26E}.Debug|Any CPU.Build.0 = Debug|Any CPU
		{4BF9DD0D-EE0B-4329-ADBE-FD00A9F9D26E}.Release|Any CPU.ActiveCfg = Release|Any CPU
		{4BF9DD0D-EE0B-4329-ADBE-FD00A9F9D26E}.Release|Any CPU.Build.0 = Release|Any CPU
	EndGlobalSection
	GlobalSection(SolutionProperties) = preSolution
		HideSolutionNode = FALSE
	EndGlobalSection
	GlobalSection(NestedProjects) = preSolution
		{CE06E3E2-DF25-46B4-A337-8EC7F42B8679} = {D990D39C-F265-4687-ADE6-6060D3FADC55}
		{54430BFA-7D35-401C-8715-800A7426E13F} = {D990D39C-F265-4687-ADE6-6060D3FADC55}
		{614D1AD3-8C44-479C-AFC8-E28CEFD09EB6} = {D990D39C-F265-4687-ADE6-6060D3FADC55}
		{32F748B5-FC29-40A0-9AF5-782202C67F60} = {D990D39C-F265-4687-ADE6-6060D3FADC55}
		{F6F73F26-7C83-412C-82A7-5970E59F7597} = {D990D39C-F265-4687-ADE6-6060D3FADC55}
		{EB9FB908-807E-4534-ABBE-699742D638AB} = {D990D39C-F265-4687-ADE6-6060D3FADC55}
		{0140E8DA-9D77-4A06-A0B3-46678F348CD0} = {D990D39C-F265-4687-ADE6-6060D3FADC55}
		{EBEB1346-00D1-49FA-88AB-C1EF9E80913C} = {D990D39C-F265-4687-ADE6-6060D3FADC55}
		{2B073006-FF90-44F8-8B9E-95584D08C643} = {86C947DE-9B5B-488C-888F-EF4850D3058E}
		{056F8745-AD7C-49B2-8E7E-BA1BE609FD1A} = {86C947DE-9B5B-488C-888F-EF4850D3058E}
		{6B71C99D-3925-4244-8B36-24BC94B2F395} = {D990D39C-F265-4687-ADE6-6060D3FADC55}
		{B8A29C97-5F5D-473E-BC8D-D6214006A5FF} = {D990D39C-F265-4687-ADE6-6060D3FADC55}
		{683DD19F-5961-4F1A-9516-D315ADAB617C} = {D990D39C-F265-4687-ADE6-6060D3FADC55}
		{44186EA8-D784-489E-8EC9-393C0406BAA0} = {D990D39C-F265-4687-ADE6-6060D3FADC55}
		{AD8B6349-0AA8-4895-841C-6C084F8EA40B} = {D990D39C-F265-4687-ADE6-6060D3FADC55}
		{E249B6AD-55EE-4CC7-A1B2-855B1E534F80} = {D990D39C-F265-4687-ADE6-6060D3FADC55}
		{1D908551-E8D1-4D4D-AF9B-650B30C8321F} = {86C947DE-9B5B-488C-888F-EF4850D3058E}
		{4BF9DD0D-EE0B-4329-ADBE-FD00A9F9D26E} = {86C947DE-9B5B-488C-888F-EF4850D3058E}
		{49341F14-1990-4A4A-AC53-31417E1964B7} = {D990D39C-F265-4687-ADE6-6060D3FADC55}
	EndGlobalSection
	GlobalSection(ExtensibilityGlobals) = postSolution
		SolutionGuid = {7B446FDD-5914-40E2-BC7C-9173A195FD26}
	EndGlobalSection
EndGlobal
